
Microsoft Visual Studio Solution File, Format Version 12.00
# Visual Studio 2012
Project("{FAE04EC0-301F-11D3-BF4B-00C04F79EFBC}") = "VWAS", "VWAS\VWAS.csproj", "{0E6905EB-71B2-45A4-88EB-1F8D514CA9F3}"
EndProject
Project("{2150E333-8FDC-42A3-9474-1A3956D46DE8}") = "Solution Items", "Solution Items", "{F1CC3B59-D786-4173-AF3C-741C0EDC7A5E}"
	ProjectSection(SolutionItems) = preProject
		WE-settings.xml = WE-settings.xml
	EndProjectSection
EndProject
Project("{2150E333-8FDC-42A3-9474-1A3956D46DE8}") = "Documentation", "Documentation", "{48AB3DA8-DCBF-416D-B53B-1C77B6BFE13A}"
	ProjectSection(SolutionItems) = preProject
		Docs\DevDiary.md = Docs\DevDiary.md
		Docs\Install.md = Docs\Install.md
		Docs\ToDo.md = Docs\ToDo.md
	EndProjectSection
EndProject
Project("{2150E333-8FDC-42A3-9474-1A3956D46DE8}") = ".nuget", ".nuget", "{C49BB962-8B89-4B51-BDA8-8927573B67D7}"
	ProjectSection(SolutionItems) = preProject
		.nuget\NuGet.Config = .nuget\NuGet.Config
		.nuget\NuGet.exe = .nuget\NuGet.exe
		.nuget\NuGet.targets = .nuget\NuGet.targets
	EndProjectSection
EndProject
Project("{2150E333-8FDC-42A3-9474-1A3956D46DE8}") = "PHOP", "PHOP", "{0994978F-F1B1-429A-A37B-34C9B604259B}"
	ProjectSection(SolutionItems) = preProject
		PHOP\Debug.php = PHOP\Debug.php
		PHOP\Indexing.php = PHOP\Indexing.php
		PHOP\LocalStorage.php = PHOP\LocalStorage.php
		PHOP\PHOP.php = PHOP\PHOP.php
		PHOP\Plugins.php = PHOP\Plugins.php
		PHOP\RemoteStorage.php = PHOP\RemoteStorage.php
		PHOP\Routes.php = PHOP\Routes.php
		PHOP\Views.php = PHOP\Views.php
	EndProjectSection
EndProject
Project("{2150E333-8FDC-42A3-9474-1A3956D46DE8}") = "plugins", "plugins", "{78AA0DE4-CAB9-4B7F-B930-61E6BA16081B}"
	ProjectSection(SolutionItems) = preProject
		PHOP\plugins\example.php = PHOP\plugins\example.php
		PHOP\plugins\prim.php = PHOP\plugins\prim.php
	EndProjectSection
EndProject
Project("{2150E333-8FDC-42A3-9474-1A3956D46DE8}") = "primTemplates", "primTemplates", "{F589715E-A6E0-4CA5-9673-23021D4EB020}"
	ProjectSection(SolutionItems) = preProject
		PHOP\primTemplates\facer.txt = PHOP\primTemplates\facer.txt
		PHOP\primTemplates\flat.txt = PHOP\primTemplates\flat.txt
		PHOP\primTemplates\floor.txt = PHOP\primTemplates\floor.txt
		PHOP\primTemplates\panel.txt = PHOP\primTemplates\panel.txt
		PHOP\primTemplates\triangle.txt = PHOP\primTemplates\triangle.txt
		PHOP\primTemplates\trifloor.txt = PHOP\primTemplates\trifloor.txt
		PHOP\primTemplates\wall.txt = PHOP\primTemplates\wall.txt
	EndProjectSection
EndProject
Project("{2150E333-8FDC-42A3-9474-1A3956D46DE8}") = "views", "views", "{2AA75D65-DADB-4C26-B063-E812311AE5E4}"
	ProjectSection(SolutionItems) = preProject
		PHOP\views\base.footer.php = PHOP\views\base.footer.php
		PHOP\views\base.header.php = PHOP\views\base.header.php
		PHOP\views\default.php = PHOP\views\default.php
		PHOP\views\error.php = PHOP\views\error.php
		PHOP\views\index.php = PHOP\views\index.php
	EndProjectSection
EndProject
Global
	GlobalSection(SolutionConfigurationPlatforms) = preSolution
		Debug|Any CPU = Debug|Any CPU
		Release|Any CPU = Release|Any CPU
	EndGlobalSection
	GlobalSection(ProjectConfigurationPlatforms) = postSolution
		{0E6905EB-71B2-45A4-88EB-1F8D514CA9F3}.Debug|Any CPU.ActiveCfg = Debug|Any CPU
		{0E6905EB-71B2-45A4-88EB-1F8D514CA9F3}.Debug|Any CPU.Build.0 = Debug|Any CPU
		{0E6905EB-71B2-45A4-88EB-1F8D514CA9F3}.Release|Any CPU.ActiveCfg = Release|Any CPU
		{0E6905EB-71B2-45A4-88EB-1F8D514CA9F3}.Release|Any CPU.Build.0 = Release|Any CPU
	EndGlobalSection
	GlobalSection(SolutionProperties) = preSolution
		HideSolutionNode = FALSE
	EndGlobalSection
	GlobalSection(NestedProjects) = preSolution
		{78AA0DE4-CAB9-4B7F-B930-61E6BA16081B} = {0994978F-F1B1-429A-A37B-34C9B604259B}
		{F589715E-A6E0-4CA5-9673-23021D4EB020} = {0994978F-F1B1-429A-A37B-34C9B604259B}
		{2AA75D65-DADB-4C26-B063-E812311AE5E4} = {0994978F-F1B1-429A-A37B-34C9B604259B}
	EndGlobalSection
EndGlobal
